{
  "name": "gl-spikes2d",
  "version": "1.0.1",
  "lockfileVersion": 1,
  "requires": true,
  "dependencies": {
    "chttps": {
      "version": "1.0.6",
      "resolved": "https://registry.npmjs.org/chttps/-/chttps-1.0.6.tgz",
      "integrity": "sha512-53/mkdPvQzlHAb/2sYNj4PXGdIeXygdx2VA8RjHtKwBXjuqHlmC0S81bD43d3kq+ie9noxe9CW2CU/JG1KWu7A==",
      "dev": true
    }
  }
}
